
Microsoft Visual Studio Solution File, Format Version 12.00
# Visual Studio Version 17
VisualStudioVersion = 17.2.32519.379
MinimumVisualStudioVersion = 10.0.40219.1
Project("{9A19103F-16F7-4668-BE54-9A1E7A4F7556}") = "KafeSiparişProjesi", "KafeSiparişProjesi\KafeSiparişProjesi.csproj", "{6702EC75-DF6C-42DE-A165-80160E54A11F}"
EndProject
Project("{FAE04EC0-301F-11D3-BF4B-00C04F79EFBC}") = "WinFormsApp1", "WinFormsApp1\WinFormsApp1.csproj", "{1B87F01E-2575-4C5C-8E39-371A05F93D6C}"
EndProject
Global
	GlobalSection(SolutionConfigurationPlatforms) = preSolution
		Debug|Any CPU = Debug|Any CPU
		Release|Any CPU = Release|Any CPU
	EndGlobalSection
	GlobalSection(ProjectConfigurationPlatforms) = postSolution
		{6702EC75-DF6C-42DE-A165-80160E54A11F}.Debug|Any CPU.ActiveCfg = Debug|Any CPU
		{6702EC75-DF6C-42DE-A165-80160E54A11F}.Debug|Any CPU.Build.0 = Debug|Any CPU
		{6702EC75-DF6C-42DE-A165-80160E54A11F}.Release|Any CPU.ActiveCfg = Release|Any CPU
		{6702EC75-DF6C-42DE-A165-80160E54A11F}.Release|Any CPU.Build.0 = Release|Any CPU
		{1B87F01E-2575-4C5C-8E39-371A05F93D6C}.Debug|Any CPU.ActiveCfg = Debug|Any CPU
		{1B87F01E-2575-4C5C-8E39-371A05F93D6C}.Debug|Any CPU.Build.0 = Debug|Any CPU
		{1B87F01E-2575-4C5C-8E39-371A05F93D6C}.Release|Any CPU.ActiveCfg = Release|Any CPU
		{1B87F01E-2575-4C5C-8E39-371A05F93D6C}.Release|Any CPU.Build.0 = Release|Any CPU
	EndGlobalSection
	GlobalSection(SolutionProperties) = preSolution
		HideSolutionNode = FALSE
	EndGlobalSection
	GlobalSection(ExtensibilityGlobals) = postSolution
		SolutionGuid = {4CE8AB6A-D1EC-4C94-B2F5-C40A15D082E3}
	EndGlobalSection
EndGlobal
